
Microsoft Visual Studio Solution File, Format Version 12.00
# Visual Studio Version 17
VisualStudioVersion = 17.14.36616.10 d17.14
MinimumVisualStudioVersion = 10.0.40219.1
Project("{FAE04EC0-301F-11D3-BF4B-00C04F79EFBC}") = "Library_Management_System", "Library_Management_System\Library_Management_System.csproj", "{EC9DCC06-1368-49DA-B84F-2816852CC456}"
EndProject
Global
	GlobalSection(SolutionConfigurationPlatforms) = preSolution
		Debug|Any CPU = Debug|Any CPU
		Release|Any CPU = Release|Any CPU
	EndGlobalSection
	GlobalSection(ProjectConfigurationPlatforms) = postSolution
		{EC9DCC06-1368-49DA-B84F-2816852CC456}.Debug|Any CPU.ActiveCfg = Debug|Any CPU
		{EC9DCC06-1368-49DA-B84F-2816852CC456}.Debug|Any CPU.Build.0 = Debug|Any CPU
		{EC9DCC06-1368-49DA-B84F-2816852CC456}.Release|Any CPU.ActiveCfg = Release|Any CPU
		{EC9DCC06-1368-49DA-B84F-2816852CC456}.Release|Any CPU.Build.0 = Release|Any CPU
	EndGlobalSection
	GlobalSection(SolutionProperties) = preSolution
		HideSolutionNode = FALSE
	EndGlobalSection
	GlobalSection(ExtensibilityGlobals) = postSolution
		SolutionGuid = {6C275899-F634-4FC3-9049-7AA83773644E}
	EndGlobalSection
EndGlobal
